// !$*UTF8*$!
{
	archiveVersion = 1;
	classes = {
	};
	objectVersion = 56;
	objects = {

/* Begin PBXBuildFile section */
		DE3B5D942A812DE400ED1539 /* AppDelegate.swift in Sources */ = {isa = PBXBuildFile; fileRef = DE3B5D932A812DE400ED1539 /* AppDelegate.swift */; };
		DE3B5D962A812DE400ED1539 /* SceneDelegate.swift in Sources */ = {isa = PBXBuildFile; fileRef = DE3B5D952A812DE400ED1539 /* SceneDelegate.swift */; };
		DE3B5D982A812DE400ED1539 /* ViewController.swift in Sources */ = {isa = PBXBuildFile; fileRef = DE3B5D972A812DE400ED1539 /* ViewController.swift */; };
		DE3B5D9B2A812DE400ED1539 /* Main.storyboard in Resources */ = {isa = PBXBuildFile; fileRef = DE3B5D992A812DE400ED1539 /* Main.storyboard */; };
		DE3B5D9D2A812DE400ED1539 /* Assets.xcassets in Resources */ = {isa = PBXBuildFile; fileRef = DE3B5D9C2A812DE400ED1539 /* Assets.xcassets */; };
		DE3B5DA02A812DE400ED1539 /* LaunchScreen.storyboard in Resources */ = {isa = PBXBuildFile; fileRef = DE3B5D9E2A812DE400ED1539 /* LaunchScreen.storyboard */; };
		DE3B5DAE2A81335C00ED1539 /* Alamofire in Frameworks */ = {isa = PBXBuildFile; productRef = DE3B5DAD2A81335C00ED1539 /* Alamofire */; };
		DE3B5DB92A81475C00ED1539 /* RandomBeerViewController.swift in Sources */ = {isa = PBXBuildFile; fileRef = DE3B5DB82A81475C00ED1539 /* RandomBeerViewController.swift */; };
		DE3B5DBC2A81535D00ED1539 /* Kingfisher in Frameworks */ = {isa = PBXBuildFile; productRef = DE3B5DBB2A81535D00ED1539 /* Kingfisher */; };
		DE3B5DBE2A8154DC00ED1539 /* BeerResults.swift in Sources */ = {isa = PBXBuildFile; fileRef = DE3B5DBD2A8154DC00ED1539 /* BeerResults.swift */; };
		DEC72ED42AB9B3E90023DA69 /* APIService.swift in Sources */ = {isa = PBXBuildFile; fileRef = DEC72ED32AB9B3E90023DA69 /* APIService.swift */; };
		DED622662ABACD3E0049D5F0 /* Router.swift in Sources */ = {isa = PBXBuildFile; fileRef = DED622652ABACD3E0049D5F0 /* Router.swift */; };
		DED622682ABAD5530049D5F0 /* BeerViewModel.swift in Sources */ = {isa = PBXBuildFile; fileRef = DED622672ABAD5530049D5F0 /* BeerViewModel.swift */; };
		DED6226B2ABADFA60049D5F0 /* Observer.swift in Sources */ = {isa = PBXBuildFile; fileRef = DED6226A2ABADFA60049D5F0 /* Observer.swift */; };
/* End PBXBuildFile section */

/* Begin PBXFileReference section */
		DE3B5D902A812DE400ED1539 /* APIPractice0807.app */ = {isa = PBXFileReference; explicitFileType = wrapper.application; includeInIndex = 0; path = APIPractice0807.app; sourceTree = BUILT_PRODUCTS_DIR; };
		DE3B5D932A812DE400ED1539 /* AppDelegate.swift */ = {isa = PBXFileReference; lastKnownFileType = sourcecode.swift; path = AppDelegate.swift; sourceTree = "<group>"; };
		DE3B5D952A812DE400ED1539 /* SceneDelegate.swift */ = {isa = PBXFileReference; lastKnownFileType = sourcecode.swift; path = SceneDelegate.swift; sourceTree = "<group>"; };
		DE3B5D972A812DE400ED1539 /* ViewController.swift */ = {isa = PBXFileReference; lastKnownFileType = sourcecode.swift; path = ViewController.swift; sourceTree = "<group>"; };
		DE3B5D9A2A812DE400ED1539 /* Base */ = {isa = PBXFileReference; lastKnownFileType = file.storyboard; name = Base; path = Base.lproj/Main.storyboard; sourceTree = "<group>"; };
		DE3B5D9C2A812DE400ED1539 /* Assets.xcassets */ = {isa = PBXFileReference; lastKnownFileType = folder.assetcatalog; path = Assets.xcassets; sourceTree = "<group>"; };
		DE3B5D9F2A812DE400ED1539 /* Base */ = {isa = PBXFileReference; lastKnownFileType = file.storyboard; name = Base; path = Base.lproj/LaunchScreen.storyboard; sourceTree = "<group>"; };
		DE3B5DA12A812DE400ED1539 /* Info.plist */ = {isa = PBXFileReference; lastKnownFileType = text.plist.xml; path = Info.plist; sourceTree = "<group>"; };
		DE3B5DB82A81475C00ED1539 /* RandomBeerViewController.swift */ = {isa = PBXFileReference; lastKnownFileType = sourcecode.swift; path = RandomBeerViewController.swift; sourceTree = "<group>"; };
		DE3B5DBD2A8154DC00ED1539 /* BeerResults.swift */ = {isa = PBXFileReference; lastKnownFileType = sourcecode.swift; path = BeerResults.swift; sourceTree = "<group>"; };
		DEC72ED32AB9B3E90023DA69 /* APIService.swift */ = {isa = PBXFileReference; lastKnownFileType = sourcecode.swift; path = APIService.swift; sourceTree = "<group>"; };
		DED622652ABACD3E0049D5F0 /* Router.swift */ = {isa = PBXFileReference; lastKnownFileType = sourcecode.swift; path = Router.swift; sourceTree = "<group>"; };
		DED622672ABAD5530049D5F0 /* BeerViewModel.swift */ = {isa = PBXFileReference; lastKnownFileType = sourcecode.swift; path = BeerViewModel.swift; sourceTree = "<group>"; };
		DED6226A2ABADFA60049D5F0 /* Observer.swift */ = {isa = PBXFileReference; lastKnownFileType = sourcecode.swift; path = Observer.swift; sourceTree = "<group>"; };
/* End PBXFileReference section */

/* Begin PBXFrameworksBuildPhase section */
		DE3B5D8D2A812DE400ED1539 /* Frameworks */ = {
			isa = PBXFrameworksBuildPhase;
			buildActionMask = 2147483647;
			files = (
				DE3B5DBC2A81535D00ED1539 /* Kingfisher in Frameworks */,
				DE3B5DAE2A81335C00ED1539 /* Alamofire in Frameworks */,
			);
			runOnlyForDeploymentPostprocessing = 0;
		};
/* End PBXFrameworksBuildPhase section */

/* Begin PBXGroup section */
		DE3B5D872A812DE400ED1539 = {
			isa = PBXGroup;
			children = (
				DE3B5D922A812DE400ED1539 /* APIPractice0807 */,
				DE3B5D912A812DE400ED1539 /* Products */,
			);
			sourceTree = "<group>";
		};
		DE3B5D912A812DE400ED1539 /* Products */ = {
			isa = PBXGroup;
			children = (
				DE3B5D902A812DE400ED1539 /* APIPractice0807.app */,
			);
			name = Products;
			sourceTree = "<group>";
		};
		DE3B5D922A812DE400ED1539 /* APIPractice0807 */ = {
			isa = PBXGroup;
			children = (
				DEC72ED12AB9A53A0023DA69 /* App */,
				DEC72ED22AB9B3C80023DA69 /* APIService */,
				DED622692ABADF900049D5F0 /* Observer */,
				DED622642ABACC920049D5F0 /* Models */,
				DED622632ABACC690049D5F0 /* Views */,
				DED622622ABACC5F0049D5F0 /* ViewModels */,
				DE3B5D9C2A812DE400ED1539 /* Assets.xcassets */,
				DE3B5D9E2A812DE400ED1539 /* LaunchScreen.storyboard */,
				DE3B5D992A812DE400ED1539 /* Main.storyboard */,
				DE3B5D972A812DE400ED1539 /* ViewController.swift */,
				DE3B5DA12A812DE400ED1539 /* Info.plist */,
			);
			path = APIPractice0807;
			sourceTree = "<group>";
		};
		DEC72ED12AB9A53A0023DA69 /* App */ = {
			isa = PBXGroup;
			children = (
				DE3B5D932A812DE400ED1539 /* AppDelegate.swift */,
				DE3B5D952A812DE400ED1539 /* SceneDelegate.swift */,
			);
			path = App;
			sourceTree = "<group>";
		};
		DEC72ED22AB9B3C80023DA69 /* APIService */ = {
			isa = PBXGroup;
			children = (
				DEC72ED32AB9B3E90023DA69 /* APIService.swift */,
				DED622652ABACD3E0049D5F0 /* Router.swift */,
			);
			path = APIService;
			sourceTree = "<group>";
		};
		DED622622ABACC5F0049D5F0 /* ViewModels */ = {
			isa = PBXGroup;
			children = (
				DED622672ABAD5530049D5F0 /* BeerViewModel.swift */,
			);
			path = ViewModels;
			sourceTree = "<group>";
		};
		DED622632ABACC690049D5F0 /* Views */ = {
			isa = PBXGroup;
			children = (
				DE3B5DB82A81475C00ED1539 /* RandomBeerViewController.swift */,
			);
			path = Views;
			sourceTree = "<group>";
		};
		DED622642ABACC920049D5F0 /* Models */ = {
			isa = PBXGroup;
			children = (
				DE3B5DBD2A8154DC00ED1539 /* BeerResults.swift */,
			);
			path = Models;
			sourceTree = "<group>";
		};
		DED622692ABADF900049D5F0 /* Observer */ = {
			isa = PBXGroup;
			children = (
				DED6226A2ABADFA60049D5F0 /* Observer.swift */,
			);
			path = Observer;
			sourceTree = "<group>";
		};
/* End PBXGroup section */

/* Begin PBXNativeTarget section */
		DE3B5D8F2A812DE400ED1539 /* APIPractice0807 */ = {
			isa = PBXNativeTarget;
			buildConfigurationList = DE3B5DA42A812DE400ED1539 /* Build configuration list for PBXNativeTarget "APIPractice0807" */;
			buildPhases = (
				DE3B5D8C2A812DE400ED1539 /* Sources */,
				DE3B5D8D2A812DE400ED1539 /* Frameworks */,
				DE3B5D8E2A812DE400ED1539 /* Resources */,
			);
			buildRules = (
			);
			dependencies = (
			);
			name = APIPractice0807;
			packageProductDependencies = (
				DE3B5DAD2A81335C00ED1539 /* Alamofire */,
				DE3B5DBB2A81535D00ED1539 /* Kingfisher */,
			);
			productName = APIPractice0807;
			productReference = DE3B5D902A812DE400ED1539 /* APIPractice0807.app */;
			productType = "com.apple.product-type.application";
		};
/* End PBXNativeTarget section */

/* Begin PBXProject section */
		DE3B5D882A812DE400ED1539 /* Project object */ = {
			isa = PBXProject;
			attributes = {
				BuildIndependentTargetsInParallel = 1;
				LastSwiftUpdateCheck = 1430;
				LastUpgradeCheck = 1430;
				TargetAttributes = {
					DE3B5D8F2A812DE400ED1539 = {
						CreatedOnToolsVersion = 14.3.1;
					};
				};
			};
			buildConfigurationList = DE3B5D8B2A812DE400ED1539 /* Build configuration list for PBXProject "APIPractice0807" */;
			compatibilityVersion = "Xcode 14.0";
			developmentRegion = en;
			hasScannedForEncodings = 0;
			knownRegions = (
				en,
				Base,
			);
			mainGroup = DE3B5D872A812DE400ED1539;
			packageReferences = (
				DE3B5DAC2A81335C00ED1539 /* XCRemoteSwiftPackageReference "Alamofire" */,
				DE3B5DBA2A81535D00ED1539 /* XCRemoteSwiftPackageReference "Kingfisher" */,
			);
			productRefGroup = DE3B5D912A812DE400ED1539 /* Products */;
			projectDirPath = "";
			projectRoot = "";
			targets = (
				DE3B5D8F2A812DE400ED1539 /* APIPractice0807 */,
			);
		};
/* End PBXProject section */

/* Begin PBXResourcesBuildPhase section */
		DE3B5D8E2A812DE400ED1539 /* Resources */ = {
			isa = PBXResourcesBuildPhase;
			buildActionMask = 2147483647;
			files = (
				DE3B5DA02A812DE400ED1539 /* LaunchScreen.storyboard in Resources */,
				DE3B5D9D2A812DE400ED1539 /* Assets.xcassets in Resources */,
				DE3B5D9B2A812DE400ED1539 /* Main.storyboard in Resources */,
			);
			runOnlyForDeploymentPostprocessing = 0;
		};
/* End PBXResourcesBuildPhase section */

/* Begin PBXSourcesBuildPhase section */
		DE3B5D8C2A812DE400ED1539 /* Sources */ = {
			isa = PBXSourcesBuildPhase;
			buildActionMask = 2147483647;
			files = (
				DED622682ABAD5530049D5F0 /* BeerViewModel.swift in Sources */,
				DED6226B2ABADFA60049D5F0 /* Observer.swift in Sources */,
				DED622662ABACD3E0049D5F0 /* Router.swift in Sources */,
				DE3B5DB92A81475C00ED1539 /* RandomBeerViewController.swift in Sources */,
				DE3B5D982A812DE400ED1539 /* ViewController.swift in Sources */,
				DE3B5D942A812DE400ED1539 /* AppDelegate.swift in Sources */,
				DE3B5D962A812DE400ED1539 /* SceneDelegate.swift in Sources */,
				DEC72ED42AB9B3E90023DA69 /* APIService.swift in Sources */,
				DE3B5DBE2A8154DC00ED1539 /* BeerResults.swift in Sources */,
			);
			runOnlyForDeploymentPostprocessing = 0;
		};
/* End PBXSourcesBuildPhase section */

/* Begin PBXVariantGroup section */
		DE3B5D992A812DE400ED1539 /* Main.storyboard */ = {
			isa = PBXVariantGroup;
			children = (
				DE3B5D9A2A812DE400ED1539 /* Base */,
			);
			name = Main.storyboard;
			sourceTree = "<group>";
		};
		DE3B5D9E2A812DE400ED1539 /* LaunchScreen.storyboard */ = {
			isa = PBXVariantGroup;
			children = (
				DE3B5D9F2A812DE400ED1539 /* Base */,
			);
			name = LaunchScreen.storyboard;
			sourceTree = "<group>";
		};
/* End PBXVariantGroup section */

/* Begin XCBuildConfiguration section */
		DE3B5DA22A812DE400ED1539 /* Debug */ = {
			isa = XCBuildConfiguration;
			buildSettings = {
				ALWAYS_SEARCH_USER_PATHS = NO;
				CLANG_ANALYZER_NONNULL = YES;
				CLANG_ANALYZER_NUMBER_OBJECT_CONVERSION = YES_AGGRESSIVE;
				CLANG_CXX_LANGUAGE_STANDARD = "gnu++20";
				CLANG_ENABLE_MODULES = YES;
				CLANG_ENABLE_OBJC_ARC = YES;
				CLANG_ENABLE_OBJC_WEAK = YES;
				CLANG_WARN_BLOCK_CAPTURE_AUTORELEASING = YES;
				CLANG_WARN_BOOL_CONVERSION = YES;
				CLANG_WARN_COMMA = YES;
				CLANG_WARN_CONSTANT_CONVERSION = YES;
				CLANG_WARN_DEPRECATED_OBJC_IMPLEMENTATIONS = YES;
				CLANG_WARN_DIRECT_OBJC_ISA_USAGE = YES_ERROR;
				CLANG_WARN_DOCUMENTATION_COMMENTS = YES;
				CLANG_WARN_EMPTY_BODY = YES;
				CLANG_WARN_ENUM_CONVERSION = YES;
				CLANG_WARN_INFINITE_RECURSION = YES;
				CLANG_WARN_INT_CONVERSION = YES;
				CLANG_WARN_NON_LITERAL_NULL_CONVERSION = YES;
				CLANG_WARN_OBJC_IMPLICIT_RETAIN_SELF = YES;
				CLANG_WARN_OBJC_LITERAL_CONVERSION = YES;
				CLANG_WARN_OBJC_ROOT_CLASS = YES_ERROR;
				CLANG_WARN_QUOTED_INCLUDE_IN_FRAMEWORK_HEADER = YES;
				CLANG_WARN_RANGE_LOOP_ANALYSIS = YES;
				CLANG_WARN_STRICT_PROTOTYPES = YES;
				CLANG_WARN_SUSPICIOUS_MOVE = YES;
				CLANG_WARN_UNGUARDED_AVAILABILITY = YES_AGGRESSIVE;
				CLANG_WARN_UNREACHABLE_CODE = YES;
				CLANG_WARN__DUPLICATE_METHOD_MATCH = YES;
				COPY_PHASE_STRIP = NO;
				DEBUG_INFORMATION_FORMAT = dwarf;
				ENABLE_STRICT_OBJC_MSGSEND = YES;
				ENABLE_TESTABILITY = YES;
				GCC_C_LANGUAGE_STANDARD = gnu11;
				GCC_DYNAMIC_NO_PIC = NO;
				GCC_NO_COMMON_BLOCKS = YES;
				GCC_OPTIMIZATION_LEVEL = 0;
				GCC_PREPROCESSOR_DEFINITIONS = (
					"DEBUG=1",
					"$(inherited)",
				);
				GCC_WARN_64_TO_32_BIT_CONVERSION = YES;
				GCC_WARN_ABOUT_RETURN_TYPE = YES_ERROR;
				GCC_WARN_UNDECLARED_SELECTOR = YES;
				GCC_WARN_UNINITIALIZED_AUTOS = YES_AGGRESSIVE;
				GCC_WARN_UNUSED_FUNCTION = YES;
				GCC_WARN_UNUSED_VARIABLE = YES;
				IPHONEOS_DEPLOYMENT_TARGET = 16.4;
				MTL_ENABLE_DEBUG_INFO = INCLUDE_SOURCE;
				MTL_FAST_MATH = YES;
				ONLY_ACTIVE_ARCH = YES;
				SDKROOT = iphoneos;
				SWIFT_ACTIVE_COMPILATION_CONDITIONS = DEBUG;
				SWIFT_OPTIMIZATION_LEVEL = "-Onone";
			};
			name = Debug;
		};
		DE3B5DA32A812DE400ED1539 /* Release */ = {
			isa = XCBuildConfiguration;
			buildSettings = {
				ALWAYS_SEARCH_USER_PATHS = NO;
				CLANG_ANALYZER_NONNULL = YES;
				CLANG_ANALYZER_NUMBER_OBJECT_CONVERSION = YES_AGGRESSIVE;
				CLANG_CXX_LANGUAGE_STANDARD = "gnu++20";
				CLANG_ENABLE_MODULES = YES;
				CLANG_ENABLE_OBJC_ARC = YES;
				CLANG_ENABLE_OBJC_WEAK = YES;
				CLANG_WARN_BLOCK_CAPTURE_AUTORELEASING = YES;
				CLANG_WARN_BOOL_CONVERSION = YES;
				CLANG_WARN_COMMA = YES;
				CLANG_WARN_CONSTANT_CONVERSION = YES;
				CLANG_WARN_DEPRECATED_OBJC_IMPLEMENTATIONS = YES;
				CLANG_WARN_DIRECT_OBJC_ISA_USAGE = YES_ERROR;
				CLANG_WARN_DOCUMENTATION_COMMENTS = YES;
				CLANG_WARN_EMPTY_BODY = YES;
				CLANG_WARN_ENUM_CONVERSION = YES;
				CLANG_WARN_INFINITE_RECURSION = YES;
				CLANG_WARN_INT_CONVERSION = YES;
				CLANG_WARN_NON_LITERAL_NULL_CONVERSION = YES;
				CLANG_WARN_OBJC_IMPLICIT_RETAIN_SELF = YES;
				CLANG_WARN_OBJC_LITERAL_CONVERSION = YES;
				CLANG_WARN_OBJC_ROOT_CLASS = YES_ERROR;
				CLANG_WARN_QUOTED_INCLUDE_IN_FRAMEWORK_HEADER = YES;
				CLANG_WARN_RANGE_LOOP_ANALYSIS = YES;
				CLANG_WARN_STRICT_PROTOTYPES = YES;
				CLANG_WARN_SUSPICIOUS_MOVE = YES;
				CLANG_WARN_UNGUARDED_AVAILABILITY = YES_AGGRESSIVE;
				CLANG_WARN_UNREACHABLE_CODE = YES;
				CLANG_WARN__DUPLICATE_METHOD_MATCH = YES;
				COPY_PHASE_STRIP = NO;
				DEBUG_INFORMATION_FORMAT = "dwarf-with-dsym";
				ENABLE_NS_ASSERTIONS = NO;
				ENABLE_STRICT_OBJC_MSGSEND = YES;
				GCC_C_LANGUAGE_STANDARD = gnu11;
				GCC_NO_COMMON_BLOCKS = YES;
				GCC_WARN_64_TO_32_BIT_CONVERSION = YES;
				GCC_WARN_ABOUT_RETURN_TYPE = YES_ERROR;
				GCC_WARN_UNDECLARED_SELECTOR = YES;
				GCC_WARN_UNINITIALIZED_AUTOS = YES_AGGRESSIVE;
				GCC_WARN_UNUSED_FUNCTION = YES;
				GCC_WARN_UNUSED_VARIABLE = YES;
				IPHONEOS_DEPLOYMENT_TARGET = 16.4;
				MTL_ENABLE_DEBUG_INFO = NO;
				MTL_FAST_MATH = YES;
				SDKROOT = iphoneos;
				SWIFT_COMPILATION_MODE = wholemodule;
				SWIFT_OPTIMIZATION_LEVEL = "-O";
				VALIDATE_PRODUCT = YES;
			};
			name = Release;
		};
		DE3B5DA52A812DE400ED1539 /* Debug */ = {
			isa = XCBuildConfiguration;
			buildSettings = {
				ASSETCATALOG_COMPILER_APPICON_NAME = AppIcon;
				ASSETCATALOG_COMPILER_GLOBAL_ACCENT_COLOR_NAME = AccentColor;
				CODE_SIGN_STYLE = Automatic;
				CURRENT_PROJECT_VERSION = 1;
				DEVELOPMENT_TEAM = R5RPU2QP33;
				GENERATE_INFOPLIST_FILE = YES;
				INFOPLIST_FILE = APIPractice0807/Info.plist;
				INFOPLIST_KEY_UIApplicationSupportsIndirectInputEvents = YES;
				INFOPLIST_KEY_UILaunchStoryboardName = LaunchScreen;
				INFOPLIST_KEY_UIMainStoryboardFile = Main;
				INFOPLIST_KEY_UISupportedInterfaceOrientations_iPad = "UIInterfaceOrientationPortrait UIInterfaceOrientationPortraitUpsideDown UIInterfaceOrientationLandscapeLeft UIInterfaceOrientationLandscapeRight";
				INFOPLIST_KEY_UISupportedInterfaceOrientations_iPhone = "UIInterfaceOrientationPortrait UIInterfaceOrientationLandscapeLeft UIInterfaceOrientationLandscapeRight";
				LD_RUNPATH_SEARCH_PATHS = (
					"$(inherited)",
					"@executable_path/Frameworks",
				);
				MARKETING_VERSION = 1.0;
				PRODUCT_BUNDLE_IDENTIFIER = unicus.fortis.APIPractice0807;
				PRODUCT_NAME = "$(TARGET_NAME)";
				SUPPORTED_PLATFORMS = "iphoneos iphonesimulator";
				SUPPORTS_MACCATALYST = NO;
				SUPPORTS_MAC_DESIGNED_FOR_IPHONE_IPAD = NO;
				SWIFT_EMIT_LOC_STRINGS = YES;
				SWIFT_VERSION = 5.0;
				TARGETED_DEVICE_FAMILY = 1;
			};
			name = Debug;
		};
		DE3B5DA62A812DE400ED1539 /* Release */ = {
			isa = XCBuildConfiguration;
			buildSettings = {
				ASSETCATALOG_COMPILER_APPICON_NAME = AppIcon;
				ASSETCATALOG_COMPILER_GLOBAL_ACCENT_COLOR_NAME = AccentColor;
				CODE_SIGN_STYLE = Automatic;
				CURRENT_PROJECT_VERSION = 1;
				DEVELOPMENT_TEAM = R5RPU2QP33;
				GENERATE_INFOPLIST_FILE = YES;
				INFOPLIST_FILE = APIPractice0807/Info.plist;
				INFOPLIST_KEY_UIApplicationSupportsIndirectInputEvents = YES;
				INFOPLIST_KEY_UILaunchStoryboardName = LaunchScreen;
				INFOPLIST_KEY_UIMainStoryboardFile = Main;
				INFOPLIST_KEY_UISupportedInterfaceOrientations_iPad = "UIInterfaceOrientationPortrait UIInterfaceOrientationPortraitUpsideDown UIInterfaceOrientationLandscapeLeft UIInterfaceOrientationLandscapeRight";
				INFOPLIST_KEY_UISupportedInterfaceOrientations_iPhone = "UIInterfaceOrientationPortrait UIInterfaceOrientationLandscapeLeft UIInterfaceOrientationLandscapeRight";
				LD_RUNPATH_SEARCH_PATHS = (
					"$(inherited)",
					"@executable_path/Frameworks",
				);
				MARKETING_VERSION = 1.0;
				PRODUCT_BUNDLE_IDENTIFIER = unicus.fortis.APIPractice0807;
				PRODUCT_NAME = "$(TARGET_NAME)";
				SUPPORTED_PLATFORMS = "iphoneos iphonesimulator";
				SUPPORTS_MACCATALYST = NO;
				SUPPORTS_MAC_DESIGNED_FOR_IPHONE_IPAD = NO;
				SWIFT_EMIT_LOC_STRINGS = YES;
				SWIFT_VERSION = 5.0;
				TARGETED_DEVICE_FAMILY = 1;
			};
			name = Release;
		};
/* End XCBuildConfiguration section */

/* Begin XCConfigurationList section */
		DE3B5D8B2A812DE400ED1539 /* Build configuration list for PBXProject "APIPractice0807" */ = {
			isa = XCConfigurationList;
			buildConfigurations = (
				DE3B5DA22A812DE400ED1539 /* Debug */,
				DE3B5DA32A812DE400ED1539 /* Release */,
			);
			defaultConfigurationIsVisible = 0;
			defaultConfigurationName = Release;
		};
		DE3B5DA42A812DE400ED1539 /* Build configuration list for PBXNativeTarget "APIPractice0807" */ = {
			isa = XCConfigurationList;
			buildConfigurations = (
				DE3B5DA52A812DE400ED1539 /* Debug */,
				DE3B5DA62A812DE400ED1539 /* Release */,
			);
			defaultConfigurationIsVisible = 0;
			defaultConfigurationName = Release;
		};
/* End XCConfigurationList section */

/* Begin XCRemoteSwiftPackageReference section */
		DE3B5DAC2A81335C00ED1539 /* XCRemoteSwiftPackageReference "Alamofire" */ = {
			isa = XCRemoteSwiftPackageReference;
			repositoryURL = "https://github.com/Alamofire/Alamofire";
			requirement = {
				kind = upToNextMajorVersion;
				minimumVersion = 5.0.0;
			};
		};
		DE3B5DBA2A81535D00ED1539 /* XCRemoteSwiftPackageReference "Kingfisher" */ = {
			isa = XCRemoteSwiftPackageReference;
			repositoryURL = "https://github.com/onevcat/Kingfisher.git";
			requirement = {
				kind = upToNextMajorVersion;
				minimumVersion = 7.0.0;
			};
		};
/* End XCRemoteSwiftPackageReference section */

/* Begin XCSwiftPackageProductDependency section */
		DE3B5DAD2A81335C00ED1539 /* Alamofire */ = {
			isa = XCSwiftPackageProductDependency;
			package = DE3B5DAC2A81335C00ED1539 /* XCRemoteSwiftPackageReference "Alamofire" */;
			productName = Alamofire;
		};
		DE3B5DBB2A81535D00ED1539 /* Kingfisher */ = {
			isa = XCSwiftPackageProductDependency;
			package = DE3B5DBA2A81535D00ED1539 /* XCRemoteSwiftPackageReference "Kingfisher" */;
			productName = Kingfisher;
		};
/* End XCSwiftPackageProductDependency section */
	};
	rootObject = DE3B5D882A812DE400ED1539 /* Project object */;
}
